// !$*UTF8*$!
{
	archiveVersion = 1;
	classes = {
	};
	objectVersion = 51;
	objects = {

/* Begin PBXBuildFile section */
		0BF3978FD797E54BE6D3E526 /* Pods_Attend.framework in Frameworks */ = {isa = PBXBuildFile; fileRef = DBCD9892749BCCB2A4204EF0 /* Pods_Attend.framework */; };
		AD2B18B12455CAEA00E6E977 /* Class.swift in Sources */ = {isa = PBXBuildFile; fileRef = AD2B18B02455CAEA00E6E977 /* Class.swift */; };
		AD2B18B62455E1EE00E6E977 /* ClassCellViewModel.swift in Sources */ = {isa = PBXBuildFile; fileRef = AD2B18B52455E1EE00E6E977 /* ClassCellViewModel.swift */; };
		AD2B18B82455E3F700E6E977 /* ClassListViewModel.swift in Sources */ = {isa = PBXBuildFile; fileRef = AD2B18B72455E3F700E6E977 /* ClassListViewModel.swift */; };
		AD2B18BA2455EA2C00E6E977 /* ClassDetailView.swift in Sources */ = {isa = PBXBuildFile; fileRef = AD2B18B92455EA2C00E6E977 /* ClassDetailView.swift */; };
		AD2B18BC2455EA4200E6E977 /* ClassSummaryView.swift in Sources */ = {isa = PBXBuildFile; fileRef = AD2B18BB2455EA4200E6E977 /* ClassSummaryView.swift */; };
		AD2B18BE2455EA7B00E6E977 /* ReminderView.swift in Sources */ = {isa = PBXBuildFile; fileRef = AD2B18BD2455EA7B00E6E977 /* ReminderView.swift */; };
		AD2B18C02455EAB300E6E977 /* ClassDetailViewModel.swift in Sources */ = {isa = PBXBuildFile; fileRef = AD2B18BF2455EAB300E6E977 /* ClassDetailViewModel.swift */; };
		AD2B18C22455EBA300E6E977 /* StudentSummaryView.swift in Sources */ = {isa = PBXBuildFile; fileRef = AD2B18C12455EBA300E6E977 /* StudentSummaryView.swift */; };
		AD2B18C42455EBDD00E6E977 /* StudentCellVM.swift in Sources */ = {isa = PBXBuildFile; fileRef = AD2B18C32455EBDD00E6E977 /* StudentCellVM.swift */; };
		AD2B18C62455EBF500E6E977 /* Student.swift in Sources */ = {isa = PBXBuildFile; fileRef = AD2B18C52455EBF500E6E977 /* Student.swift */; };
		AD2B18C82455ED9F00E6E977 /* StudentListViewModel.swift in Sources */ = {isa = PBXBuildFile; fileRef = AD2B18C72455ED9F00E6E977 /* StudentListViewModel.swift */; };
		ADDB89C72455C8CC00E0757B /* GoogleService-Info.plist in Resources */ = {isa = PBXBuildFile; fileRef = ADDB89C62455C8CC00E0757B /* GoogleService-Info.plist */; };
		ADEAEA4C245541E600A0CB4B /* AppDelegate.swift in Sources */ = {isa = PBXBuildFile; fileRef = ADEAEA4B245541E600A0CB4B /* AppDelegate.swift */; };
		ADEAEA4E245541E600A0CB4B /* SceneDelegate.swift in Sources */ = {isa = PBXBuildFile; fileRef = ADEAEA4D245541E600A0CB4B /* SceneDelegate.swift */; };
		ADEAEA50245541E600A0CB4B /* ClassListView.swift in Sources */ = {isa = PBXBuildFile; fileRef = ADEAEA4F245541E600A0CB4B /* ClassListView.swift */; };
		ADEAEA52245541E800A0CB4B /* Assets.xcassets in Resources */ = {isa = PBXBuildFile; fileRef = ADEAEA51245541E800A0CB4B /* Assets.xcassets */; };
		ADEAEA55245541E800A0CB4B /* Preview Assets.xcassets in Resources */ = {isa = PBXBuildFile; fileRef = ADEAEA54245541E800A0CB4B /* Preview Assets.xcassets */; };
		ADEAEA58245541E800A0CB4B /* LaunchScreen.storyboard in Resources */ = {isa = PBXBuildFile; fileRef = ADEAEA56245541E800A0CB4B /* LaunchScreen.storyboard */; };
		ADEAEA6024554B2800A0CB4B /* AddClassesView.swift in Sources */ = {isa = PBXBuildFile; fileRef = ADEAEA5F24554B2800A0CB4B /* AddClassesView.swift */; };
/* End PBXBuildFile section */

/* Begin PBXFileReference section */
		2226416033E23ED1678AF9B9 /* Pods-Attend.release.xcconfig */ = {isa = PBXFileReference; includeInIndex = 1; lastKnownFileType = text.xcconfig; name = "Pods-Attend.release.xcconfig"; path = "Target Support Files/Pods-Attend/Pods-Attend.release.xcconfig"; sourceTree = "<group>"; };
		6374AA66D066FE7EE1980F86 /* Pods-Attend.debug.xcconfig */ = {isa = PBXFileReference; includeInIndex = 1; lastKnownFileType = text.xcconfig; name = "Pods-Attend.debug.xcconfig"; path = "Target Support Files/Pods-Attend/Pods-Attend.debug.xcconfig"; sourceTree = "<group>"; };
		AD2B18B02455CAEA00E6E977 /* Class.swift */ = {isa = PBXFileReference; lastKnownFileType = sourcecode.swift; path = Class.swift; sourceTree = "<group>"; };
		AD2B18B52455E1EE00E6E977 /* ClassCellViewModel.swift */ = {isa = PBXFileReference; lastKnownFileType = sourcecode.swift; path = ClassCellViewModel.swift; sourceTree = "<group>"; };
		AD2B18B72455E3F700E6E977 /* ClassListViewModel.swift */ = {isa = PBXFileReference; lastKnownFileType = sourcecode.swift; path = ClassListViewModel.swift; sourceTree = "<group>"; };
		AD2B18B92455EA2C00E6E977 /* ClassDetailView.swift */ = {isa = PBXFileReference; lastKnownFileType = sourcecode.swift; path = ClassDetailView.swift; sourceTree = "<group>"; };
		AD2B18BB2455EA4200E6E977 /* ClassSummaryView.swift */ = {isa = PBXFileReference; lastKnownFileType = sourcecode.swift; path = ClassSummaryView.swift; sourceTree = "<group>"; };
		AD2B18BD2455EA7B00E6E977 /* ReminderView.swift */ = {isa = PBXFileReference; lastKnownFileType = sourcecode.swift; path = ReminderView.swift; sourceTree = "<group>"; };
		AD2B18BF2455EAB300E6E977 /* ClassDetailViewModel.swift */ = {isa = PBXFileReference; lastKnownFileType = sourcecode.swift; path = ClassDetailViewModel.swift; sourceTree = "<group>"; };
		AD2B18C12455EBA300E6E977 /* StudentSummaryView.swift */ = {isa = PBXFileReference; lastKnownFileType = sourcecode.swift; path = StudentSummaryView.swift; sourceTree = "<group>"; };
		AD2B18C32455EBDD00E6E977 /* StudentCellVM.swift */ = {isa = PBXFileReference; lastKnownFileType = sourcecode.swift; path = StudentCellVM.swift; sourceTree = "<group>"; };
		AD2B18C52455EBF500E6E977 /* Student.swift */ = {isa = PBXFileReference; lastKnownFileType = sourcecode.swift; path = Student.swift; sourceTree = "<group>"; };
		AD2B18C72455ED9F00E6E977 /* StudentListViewModel.swift */ = {isa = PBXFileReference; lastKnownFileType = sourcecode.swift; path = StudentListViewModel.swift; sourceTree = "<group>"; };
		ADDB89C62455C8CC00E0757B /* GoogleService-Info.plist */ = {isa = PBXFileReference; fileEncoding = 4; lastKnownFileType = text.plist.xml; path = "GoogleService-Info.plist"; sourceTree = "<group>"; };
		ADEAEA48245541E600A0CB4B /* Attend.app */ = {isa = PBXFileReference; explicitFileType = wrapper.application; includeInIndex = 0; path = Attend.app; sourceTree = BUILT_PRODUCTS_DIR; };
		ADEAEA4B245541E600A0CB4B /* AppDelegate.swift */ = {isa = PBXFileReference; lastKnownFileType = sourcecode.swift; path = AppDelegate.swift; sourceTree = "<group>"; };
		ADEAEA4D245541E600A0CB4B /* SceneDelegate.swift */ = {isa = PBXFileReference; lastKnownFileType = sourcecode.swift; path = SceneDelegate.swift; sourceTree = "<group>"; };
		ADEAEA4F245541E600A0CB4B /* ClassListView.swift */ = {isa = PBXFileReference; lastKnownFileType = sourcecode.swift; path = ClassListView.swift; sourceTree = "<group>"; };
		ADEAEA51245541E800A0CB4B /* Assets.xcassets */ = {isa = PBXFileReference; lastKnownFileType = folder.assetcatalog; path = Assets.xcassets; sourceTree = "<group>"; };
		ADEAEA54245541E800A0CB4B /* Preview Assets.xcassets */ = {isa = PBXFileReference; lastKnownFileType = folder.assetcatalog; path = "Preview Assets.xcassets"; sourceTree = "<group>"; };
		ADEAEA57245541E800A0CB4B /* Base */ = {isa = PBXFileReference; lastKnownFileType = file.storyboard; name = Base; path = Base.lproj/LaunchScreen.storyboard; sourceTree = "<group>"; };
		ADEAEA59245541E800A0CB4B /* Info.plist */ = {isa = PBXFileReference; lastKnownFileType = text.plist.xml; path = Info.plist; sourceTree = "<group>"; };
		ADEAEA5F24554B2800A0CB4B /* AddClassesView.swift */ = {isa = PBXFileReference; lastKnownFileType = sourcecode.swift; path = AddClassesView.swift; sourceTree = "<group>"; };
		DBCD9892749BCCB2A4204EF0 /* Pods_Attend.framework */ = {isa = PBXFileReference; explicitFileType = wrapper.framework; includeInIndex = 0; path = Pods_Attend.framework; sourceTree = BUILT_PRODUCTS_DIR; };
/* End PBXFileReference section */

/* Begin PBXFrameworksBuildPhase section */
		ADEAEA45245541E600A0CB4B /* Frameworks */ = {
			isa = PBXFrameworksBuildPhase;
			buildActionMask = 2147483647;
			files = (
				0BF3978FD797E54BE6D3E526 /* Pods_Attend.framework in Frameworks */,
			);
			runOnlyForDeploymentPostprocessing = 0;
		};
/* End PBXFrameworksBuildPhase section */

/* Begin PBXGroup section */
		7CCEF8795CFA87ED4119712C /* Pods */ = {
			isa = PBXGroup;
			children = (
				6374AA66D066FE7EE1980F86 /* Pods-Attend.debug.xcconfig */,
				2226416033E23ED1678AF9B9 /* Pods-Attend.release.xcconfig */,
			);
			path = Pods;
			sourceTree = "<group>";
		};
		7FDA2DFC967FDC2B66ACD0DB /* Frameworks */ = {
			isa = PBXGroup;
			children = (
				DBCD9892749BCCB2A4204EF0 /* Pods_Attend.framework */,
			);
			name = Frameworks;
			sourceTree = "<group>";
		};
		AD2B18AF2455CADE00E6E977 /* Model */ = {
			isa = PBXGroup;
			children = (
				AD2B18B02455CAEA00E6E977 /* Class.swift */,
				AD2B18C52455EBF500E6E977 /* Student.swift */,
			);
			path = Model;
			sourceTree = "<group>";
		};
		AD2B18B22455CB7500E6E977 /* App */ = {
			isa = PBXGroup;
			children = (
				ADEAEA4B245541E600A0CB4B /* AppDelegate.swift */,
				ADEAEA4D245541E600A0CB4B /* SceneDelegate.swift */,
			);
			path = App;
			sourceTree = "<group>";
		};
		AD2B18B32455CB7B00E6E977 /* Views */ = {
			isa = PBXGroup;
			children = (
				ADEAEA4F245541E600A0CB4B /* ClassListView.swift */,
				AD2B18B92455EA2C00E6E977 /* ClassDetailView.swift */,
				AD2B18BB2455EA4200E6E977 /* ClassSummaryView.swift */,
				AD2B18BD2455EA7B00E6E977 /* ReminderView.swift */,
				AD2B18C12455EBA300E6E977 /* StudentSummaryView.swift */,
			);
			path = Views;
			sourceTree = "<group>";
		};
		AD2B18B42455E1DB00E6E977 /* ViewModel */ = {
			isa = PBXGroup;
			children = (
				AD2B18B52455E1EE00E6E977 /* ClassCellViewModel.swift */,
				AD2B18B72455E3F700E6E977 /* ClassListViewModel.swift */,
				AD2B18BF2455EAB300E6E977 /* ClassDetailViewModel.swift */,
				AD2B18C32455EBDD00E6E977 /* StudentCellVM.swift */,
				AD2B18C72455ED9F00E6E977 /* StudentListViewModel.swift */,
			);
			path = ViewModel;
			sourceTree = "<group>";
		};
		ADEAEA3F245541E600A0CB4B = {
			isa = PBXGroup;
			children = (
				ADEAEA4A245541E600A0CB4B /* Attend */,
				ADEAEA49245541E600A0CB4B /* Products */,
				7CCEF8795CFA87ED4119712C /* Pods */,
				7FDA2DFC967FDC2B66ACD0DB /* Frameworks */,
			);
			sourceTree = "<group>";
		};
		ADEAEA49245541E600A0CB4B /* Products */ = {
			isa = PBXGroup;
			children = (
				ADEAEA48245541E600A0CB4B /* Attend.app */,
			);
			name = Products;
			sourceTree = "<group>";
		};
		ADEAEA4A245541E600A0CB4B /* Attend */ = {
			isa = PBXGroup;
			children = (
				AD2B18B42455E1DB00E6E977 /* ViewModel */,
				AD2B18AF2455CADE00E6E977 /* Model */,
				AD2B18B22455CB7500E6E977 /* App */,
				AD2B18B32455CB7B00E6E977 /* Views */,
				ADEAEA51245541E800A0CB4B /* Assets.xcassets */,
				ADEAEA56245541E800A0CB4B /* LaunchScreen.storyboard */,
				ADEAEA59245541E800A0CB4B /* Info.plist */,
				ADDB89C62455C8CC00E0757B /* GoogleService-Info.plist */,
				ADEAEA53245541E800A0CB4B /* Preview Content */,
				ADEAEA5F24554B2800A0CB4B /* AddClassesView.swift */,
			);
			path = Attend;
			sourceTree = "<group>";
		};
		ADEAEA53245541E800A0CB4B /* Preview Content */ = {
			isa = PBXGroup;
			children = (
				ADEAEA54245541E800A0CB4B /* Preview Assets.xcassets */,
			);
			path = "Preview Content";
			sourceTree = "<group>";
		};
/* End PBXGroup section */

/* Begin PBXNativeTarget section */
		ADEAEA47245541E600A0CB4B /* Attend */ = {
			isa = PBXNativeTarget;
			buildConfigurationList = ADEAEA5C245541E800A0CB4B /* Build configuration list for PBXNativeTarget "Attend" */;
			buildPhases = (
				3439620F69349E51E83DC9B5 /* [CP] Check Pods Manifest.lock */,
				ADEAEA44245541E600A0CB4B /* Sources */,
				ADEAEA45245541E600A0CB4B /* Frameworks */,
				ADEAEA46245541E600A0CB4B /* Resources */,
				EF9B004D9D7097C843B7C2C6 /* [CP] Embed Pods Frameworks */,
			);
			buildRules = (
			);
			dependencies = (
			);
			name = Attend;
			productName = Attend;
			productReference = ADEAEA48245541E600A0CB4B /* Attend.app */;
			productType = "com.apple.product-type.application";
		};
/* End PBXNativeTarget section */

/* Begin PBXProject section */
		ADEAEA40245541E600A0CB4B /* Project object */ = {
			isa = PBXProject;
			attributes = {
				LastSwiftUpdateCheck = 1140;
				LastUpgradeCheck = 1140;
				ORGANIZATIONNAME = OurSpace;
				TargetAttributes = {
					ADEAEA47245541E600A0CB4B = {
						CreatedOnToolsVersion = 11.4;
					};
				};
			};
			buildConfigurationList = ADEAEA43245541E600A0CB4B /* Build configuration list for PBXProject "Attend" */;
			compatibilityVersion = "Xcode 9.3";
			developmentRegion = en;
			hasScannedForEncodings = 0;
			knownRegions = (
				en,
				Base,
			);
			mainGroup = ADEAEA3F245541E600A0CB4B;
			productRefGroup = ADEAEA49245541E600A0CB4B /* Products */;
			projectDirPath = "";
			projectRoot = "";
			targets = (
				ADEAEA47245541E600A0CB4B /* Attend */,
			);
		};
/* End PBXProject section */

/* Begin PBXResourcesBuildPhase section */
		ADEAEA46245541E600A0CB4B /* Resources */ = {
			isa = PBXResourcesBuildPhase;
			buildActionMask = 2147483647;
			files = (
				ADDB89C72455C8CC00E0757B /* GoogleService-Info.plist in Resources */,
				ADEAEA58245541E800A0CB4B /* LaunchScreen.storyboard in Resources */,
				ADEAEA55245541E800A0CB4B /* Preview Assets.xcassets in Resources */,
				ADEAEA52245541E800A0CB4B /* Assets.xcassets in Resources */,
			);
			runOnlyForDeploymentPostprocessing = 0;
		};
/* End PBXResourcesBuildPhase section */

/* Begin PBXShellScriptBuildPhase section */
		3439620F69349E51E83DC9B5 /* [CP] Check Pods Manifest.lock */ = {
			isa = PBXShellScriptBuildPhase;
			buildActionMask = 2147483647;
			files = (
			);
			inputFileListPaths = (
			);
			inputPaths = (
				"${PODS_PODFILE_DIR_PATH}/Podfile.lock",
				"${PODS_ROOT}/Manifest.lock",
			);
			name = "[CP] Check Pods Manifest.lock";
			outputFileListPaths = (
			);
			outputPaths = (
				"$(DERIVED_FILE_DIR)/Pods-Attend-checkManifestLockResult.txt",
			);
			runOnlyForDeploymentPostprocessing = 0;
			shellPath = /bin/sh;
			shellScript = "diff \"${PODS_PODFILE_DIR_PATH}/Podfile.lock\" \"${PODS_ROOT}/Manifest.lock\" > /dev/null\nif [ $? != 0 ] ; then\n    # print error to STDERR\n    echo \"error: The sandbox is not in sync with the Podfile.lock. Run 'pod install' or update your CocoaPods installation.\" >&2\n    exit 1\nfi\n# This output is used by Xcode 'outputs' to avoid re-running this script phase.\necho \"SUCCESS\" > \"${SCRIPT_OUTPUT_FILE_0}\"\n";
			showEnvVarsInLog = 0;
		};
		EF9B004D9D7097C843B7C2C6 /* [CP] Embed Pods Frameworks */ = {
			isa = PBXShellScriptBuildPhase;
			buildActionMask = 2147483647;
			files = (
			);
			inputFileListPaths = (
				"${PODS_ROOT}/Target Support Files/Pods-Attend/Pods-Attend-frameworks-${CONFIGURATION}-input-files.xcfilelist",
			);
			name = "[CP] Embed Pods Frameworks";
			outputFileListPaths = (
				"${PODS_ROOT}/Target Support Files/Pods-Attend/Pods-Attend-frameworks-${CONFIGURATION}-output-files.xcfilelist",
			);
			runOnlyForDeploymentPostprocessing = 0;
			shellPath = /bin/sh;
			shellScript = "\"${PODS_ROOT}/Target Support Files/Pods-Attend/Pods-Attend-frameworks.sh\"\n";
			showEnvVarsInLog = 0;
		};
/* End PBXShellScriptBuildPhase section */

/* Begin PBXSourcesBuildPhase section */
		ADEAEA44245541E600A0CB4B /* Sources */ = {
			isa = PBXSourcesBuildPhase;
			buildActionMask = 2147483647;
			files = (
				ADEAEA4C245541E600A0CB4B /* AppDelegate.swift in Sources */,
				ADEAEA6024554B2800A0CB4B /* AddClassesView.swift in Sources */,
				ADEAEA4E245541E600A0CB4B /* SceneDelegate.swift in Sources */,
				AD2B18BC2455EA4200E6E977 /* ClassSummaryView.swift in Sources */,
				AD2B18B62455E1EE00E6E977 /* ClassCellViewModel.swift in Sources */,
				AD2B18C82455ED9F00E6E977 /* StudentListViewModel.swift in Sources */,
				AD2B18C62455EBF500E6E977 /* Student.swift in Sources */,
				AD2B18C02455EAB300E6E977 /* ClassDetailViewModel.swift in Sources */,
				AD2B18BA2455EA2C00E6E977 /* ClassDetailView.swift in Sources */,
				AD2B18C42455EBDD00E6E977 /* StudentCellVM.swift in Sources */,
				AD2B18BE2455EA7B00E6E977 /* ReminderView.swift in Sources */,
				AD2B18B12455CAEA00E6E977 /* Class.swift in Sources */,
				AD2B18B82455E3F700E6E977 /* ClassListViewModel.swift in Sources */,
				ADEAEA50245541E600A0CB4B /* ClassListView.swift in Sources */,
				AD2B18C22455EBA300E6E977 /* StudentSummaryView.swift in Sources */,
			);
			runOnlyForDeploymentPostprocessing = 0;
		};
/* End PBXSourcesBuildPhase section */

/* Begin PBXVariantGroup section */
		ADEAEA56245541E800A0CB4B /* LaunchScreen.storyboard */ = {
			isa = PBXVariantGroup;
			children = (
				ADEAEA57245541E800A0CB4B /* Base */,
			);
			name = LaunchScreen.storyboard;
			sourceTree = "<group>";
		};
/* End PBXVariantGroup section */

/* Begin XCBuildConfiguration section */
		ADEAEA5A245541E800A0CB4B /* Debug */ = {
			isa = XCBuildConfiguration;
			buildSettings = {
				ALWAYS_SEARCH_USER_PATHS = NO;
				CLANG_ANALYZER_NONNULL = YES;
				CLANG_ANALYZER_NUMBER_OBJECT_CONVERSION = YES_AGGRESSIVE;
				CLANG_CXX_LANGUAGE_STANDARD = "gnu++14";
				CLANG_CXX_LIBRARY = "libc++";
				CLANG_ENABLE_MODULES = YES;
				CLANG_ENABLE_OBJC_ARC = YES;
				CLANG_ENABLE_OBJC_WEAK = YES;
				CLANG_WARN_BLOCK_CAPTURE_AUTORELEASING = YES;
				CLANG_WARN_BOOL_CONVERSION = YES;
				CLANG_WARN_COMMA = YES;
				CLANG_WARN_CONSTANT_CONVERSION = YES;
				CLANG_WARN_DEPRECATED_OBJC_IMPLEMENTATIONS = YES;
				CLANG_WARN_DIRECT_OBJC_ISA_USAGE = YES_ERROR;
				CLANG_WARN_DOCUMENTATION_COMMENTS = YES;
				CLANG_WARN_EMPTY_BODY = YES;
				CLANG_WARN_ENUM_CONVERSION = YES;
				CLANG_WARN_INFINITE_RECURSION = YES;
				CLANG_WARN_INT_CONVERSION = YES;
				CLANG_WARN_NON_LITERAL_NULL_CONVERSION = YES;
				CLANG_WARN_OBJC_IMPLICIT_RETAIN_SELF = YES;
				CLANG_WARN_OBJC_LITERAL_CONVERSION = YES;
				CLANG_WARN_OBJC_ROOT_CLASS = YES_ERROR;
				CLANG_WARN_RANGE_LOOP_ANALYSIS = YES;
				CLANG_WARN_STRICT_PROTOTYPES = YES;
				CLANG_WARN_SUSPICIOUS_MOVE = YES;
				CLANG_WARN_UNGUARDED_AVAILABILITY = YES_AGGRESSIVE;
				CLANG_WARN_UNREACHABLE_CODE = YES;
				CLANG_WARN__DUPLICATE_METHOD_MATCH = YES;
				COPY_PHASE_STRIP = NO;
				DEBUG_INFORMATION_FORMAT = dwarf;
				ENABLE_STRICT_OBJC_MSGSEND = YES;
				ENABLE_TESTABILITY = YES;
				GCC_C_LANGUAGE_STANDARD = gnu11;
				GCC_DYNAMIC_NO_PIC = NO;
				GCC_NO_COMMON_BLOCKS = YES;
				GCC_OPTIMIZATION_LEVEL = 0;
				GCC_PREPROCESSOR_DEFINITIONS = (
					"DEBUG=1",
					"$(inherited)",
				);
				GCC_WARN_64_TO_32_BIT_CONVERSION = YES;
				GCC_WARN_ABOUT_RETURN_TYPE = YES_ERROR;
				GCC_WARN_UNDECLARED_SELECTOR = YES;
				GCC_WARN_UNINITIALIZED_AUTOS = YES_AGGRESSIVE;
				GCC_WARN_UNUSED_FUNCTION = YES;
				GCC_WARN_UNUSED_VARIABLE = YES;
				IPHONEOS_DEPLOYMENT_TARGET = 13.4;
				MTL_ENABLE_DEBUG_INFO = INCLUDE_SOURCE;
				MTL_FAST_MATH = YES;
				ONLY_ACTIVE_ARCH = YES;
				SDKROOT = iphoneos;
				SWIFT_ACTIVE_COMPILATION_CONDITIONS = DEBUG;
				SWIFT_OPTIMIZATION_LEVEL = "-Onone";
			};
			name = Debug;
		};
		ADEAEA5B245541E800A0CB4B /* Release */ = {
			isa = XCBuildConfiguration;
			buildSettings = {
				ALWAYS_SEARCH_USER_PATHS = NO;
				CLANG_ANALYZER_NONNULL = YES;
				CLANG_ANALYZER_NUMBER_OBJECT_CONVERSION = YES_AGGRESSIVE;
				CLANG_CXX_LANGUAGE_STANDARD = "gnu++14";
				CLANG_CXX_LIBRARY = "libc++";
				CLANG_ENABLE_MODULES = YES;
				CLANG_ENABLE_OBJC_ARC = YES;
				CLANG_ENABLE_OBJC_WEAK = YES;
				CLANG_WARN_BLOCK_CAPTURE_AUTORELEASING = YES;
				CLANG_WARN_BOOL_CONVERSION = YES;
				CLANG_WARN_COMMA = YES;
				CLANG_WARN_CONSTANT_CONVERSION = YES;
				CLANG_WARN_DEPRECATED_OBJC_IMPLEMENTATIONS = YES;
				CLANG_WARN_DIRECT_OBJC_ISA_USAGE = YES_ERROR;
				CLANG_WARN_DOCUMENTATION_COMMENTS = YES;
				CLANG_WARN_EMPTY_BODY = YES;
				CLANG_WARN_ENUM_CONVERSION = YES;
				CLANG_WARN_INFINITE_RECURSION = YES;
				CLANG_WARN_INT_CONVERSION = YES;
				CLANG_WARN_NON_LITERAL_NULL_CONVERSION = YES;
				CLANG_WARN_OBJC_IMPLICIT_RETAIN_SELF = YES;
				CLANG_WARN_OBJC_LITERAL_CONVERSION = YES;
				CLANG_WARN_OBJC_ROOT_CLASS = YES_ERROR;
				CLANG_WARN_RANGE_LOOP_ANALYSIS = YES;
				CLANG_WARN_STRICT_PROTOTYPES = YES;
				CLANG_WARN_SUSPICIOUS_MOVE = YES;
				CLANG_WARN_UNGUARDED_AVAILABILITY = YES_AGGRESSIVE;
				CLANG_WARN_UNREACHABLE_CODE = YES;
				CLANG_WARN__DUPLICATE_METHOD_MATCH = YES;
				COPY_PHASE_STRIP = NO;
				DEBUG_INFORMATION_FORMAT = "dwarf-with-dsym";
				ENABLE_NS_ASSERTIONS = NO;
				ENABLE_STRICT_OBJC_MSGSEND = YES;
				GCC_C_LANGUAGE_STANDARD = gnu11;
				GCC_NO_COMMON_BLOCKS = YES;
				GCC_WARN_64_TO_32_BIT_CONVERSION = YES;
				GCC_WARN_ABOUT_RETURN_TYPE = YES_ERROR;
				GCC_WARN_UNDECLARED_SELECTOR = YES;
				GCC_WARN_UNINITIALIZED_AUTOS = YES_AGGRESSIVE;
				GCC_WARN_UNUSED_FUNCTION = YES;
				GCC_WARN_UNUSED_VARIABLE = YES;
				IPHONEOS_DEPLOYMENT_TARGET = 13.4;
				MTL_ENABLE_DEBUG_INFO = NO;
				MTL_FAST_MATH = YES;
				SDKROOT = iphoneos;
				SWIFT_COMPILATION_MODE = wholemodule;
				SWIFT_OPTIMIZATION_LEVEL = "-O";
				VALIDATE_PRODUCT = YES;
			};
			name = Release;
		};
		ADEAEA5D245541E800A0CB4B /* Debug */ = {
			isa = XCBuildConfiguration;
			baseConfigurationReference = 6374AA66D066FE7EE1980F86 /* Pods-Attend.debug.xcconfig */;
			buildSettings = {
				ASSETCATALOG_COMPILER_APPICON_NAME = AppIcon;
				CODE_SIGN_STYLE = Automatic;
				DEVELOPMENT_ASSET_PATHS = "\"Attend/Preview Content\"";
				DEVELOPMENT_TEAM = 7QTY74PJCK;
				ENABLE_PREVIEWS = YES;
				INFOPLIST_FILE = Attend/Info.plist;
				IPHONEOS_DEPLOYMENT_TARGET = 13.0;
				LD_RUNPATH_SEARCH_PATHS = (
					"$(inherited)",
					"@executable_path/Frameworks",
				);
				PRODUCT_BUNDLE_IDENTIFIER = com.ourspaceapp.Attend;
				PRODUCT_NAME = "$(TARGET_NAME)";
				SWIFT_VERSION = 5.0;
				TARGETED_DEVICE_FAMILY = 1;
			};
			name = Debug;
		};
		ADEAEA5E245541E800A0CB4B /* Release */ = {
			isa = XCBuildConfiguration;
			baseConfigurationReference = 2226416033E23ED1678AF9B9 /* Pods-Attend.release.xcconfig */;
			buildSettings = {
				ASSETCATALOG_COMPILER_APPICON_NAME = AppIcon;
				CODE_SIGN_STYLE = Automatic;
				DEVELOPMENT_ASSET_PATHS = "\"Attend/Preview Content\"";
				DEVELOPMENT_TEAM = 7QTY74PJCK;
				ENABLE_PREVIEWS = YES;
				INFOPLIST_FILE = Attend/Info.plist;
				IPHONEOS_DEPLOYMENT_TARGET = 13.0;
				LD_RUNPATH_SEARCH_PATHS = (
					"$(inherited)",
					"@executable_path/Frameworks",
				);
				PRODUCT_BUNDLE_IDENTIFIER = com.ourspaceapp.Attend;
				PRODUCT_NAME = "$(TARGET_NAME)";
				SWIFT_VERSION = 5.0;
				TARGETED_DEVICE_FAMILY = 1;
			};
			name = Release;
		};
/* End XCBuildConfiguration section */

/* Begin XCConfigurationList section */
		ADEAEA43245541E600A0CB4B /* Build configuration list for PBXProject "Attend" */ = {
			isa = XCConfigurationList;
			buildConfigurations = (
				ADEAEA5A245541E800A0CB4B /* Debug */,
				ADEAEA5B245541E800A0CB4B /* Release */,
			);
			defaultConfigurationIsVisible = 0;
			defaultConfigurationName = Release;
		};
		ADEAEA5C245541E800A0CB4B /* Build configuration list for PBXNativeTarget "Attend" */ = {
			isa = XCConfigurationList;
			buildConfigurations = (
				ADEAEA5D245541E800A0CB4B /* Debug */,
				ADEAEA5E245541E800A0CB4B /* Release */,
			);
			defaultConfigurationIsVisible = 0;
			defaultConfigurationName = Release;
		};
/* End XCConfigurationList section */
	};
	rootObject = ADEAEA40245541E600A0CB4B /* Project object */;
}
